
Microsoft Visual Studio Solution File, Format Version 12.00
# Visual Studio Version 17
VisualStudioVersion = 17.4.33213.308
MinimumVisualStudioVersion = 10.0.40219.1
Project("{9A19103F-16F7-4668-BE54-9A1E7A4F7556}") = "1260-002-CrumpNick-Project1", "MP3 Tracker\1260-002-CrumpNick-Project1.csproj", "{3B318D25-72A7-4EAF-9CEF-8FE304189DB1}"
EndProject
Global
	GlobalSection(SolutionConfigurationPlatforms) = preSolution
		Debug|Any CPU = Debug|Any CPU
		Release|Any CPU = Release|Any CPU
	EndGlobalSection
	GlobalSection(ProjectConfigurationPlatforms) = postSolution
		{3B318D25-72A7-4EAF-9CEF-8FE304189DB1}.Debug|Any CPU.ActiveCfg = Debug|Any CPU
		{3B318D25-72A7-4EAF-9CEF-8FE304189DB1}.Debug|Any CPU.Build.0 = Debug|Any CPU
		{3B318D25-72A7-4EAF-9CEF-8FE304189DB1}.Release|Any CPU.ActiveCfg = Release|Any CPU
		{3B318D25-72A7-4EAF-9CEF-8FE304189DB1}.Release|Any CPU.Build.0 = Release|Any CPU
	EndGlobalSection
	GlobalSection(SolutionProperties) = preSolution
		HideSolutionNode = FALSE
	EndGlobalSection
	GlobalSection(ExtensibilityGlobals) = postSolution
		SolutionGuid = {C651A655-5300-4CAA-BFC0-65C243E6055E}
	EndGlobalSection
EndGlobal
